
Microsoft Visual Studio Solution File, Format Version 12.00
# Visual Studio Version 16
VisualStudioVersion = 16.0.30804.86
MinimumVisualStudioVersion = 10.0.40219.1
Project("{FAE04EC0-301F-11D3-BF4B-00C04F79EFBC}") = "PL", "src\TesteEntrevista\PL.csproj", "{3839794D-E03F-47FC-A8A0-42A8567FA64C}"
EndProject
Project("{FAE04EC0-301F-11D3-BF4B-00C04F79EFBC}") = "BLL", "src\BLL\BLL.csproj", "{A31ED6D6-687B-4B92-BADB-7BC65C0CD338}"
EndProject
Project("{FAE04EC0-301F-11D3-BF4B-00C04F79EFBC}") = "DAL", "src\DAL\DAL.csproj", "{A1B22F65-786D-4391-B050-0B2C4FA6FCA1}"
EndProject
Global
	GlobalSection(SolutionConfigurationPlatforms) = preSolution
		Debug|Any CPU = Debug|Any CPU
		Release|Any CPU = Release|Any CPU
	EndGlobalSection
	GlobalSection(ProjectConfigurationPlatforms) = postSolution
		{3839794D-E03F-47FC-A8A0-42A8567FA64C}.Debug|Any CPU.ActiveCfg = Debug|Any CPU
		{3839794D-E03F-47FC-A8A0-42A8567FA64C}.Debug|Any CPU.Build.0 = Debug|Any CPU
		{3839794D-E03F-47FC-A8A0-42A8567FA64C}.Release|Any CPU.ActiveCfg = Release|Any CPU
		{3839794D-E03F-47FC-A8A0-42A8567FA64C}.Release|Any CPU.Build.0 = Release|Any CPU
		{A31ED6D6-687B-4B92-BADB-7BC65C0CD338}.Debug|Any CPU.ActiveCfg = Debug|Any CPU
		{A31ED6D6-687B-4B92-BADB-7BC65C0CD338}.Debug|Any CPU.Build.0 = Debug|Any CPU
		{A31ED6D6-687B-4B92-BADB-7BC65C0CD338}.Release|Any CPU.ActiveCfg = Release|Any CPU
		{A31ED6D6-687B-4B92-BADB-7BC65C0CD338}.Release|Any CPU.Build.0 = Release|Any CPU
		{A1B22F65-786D-4391-B050-0B2C4FA6FCA1}.Debug|Any CPU.ActiveCfg = Debug|Any CPU
		{A1B22F65-786D-4391-B050-0B2C4FA6FCA1}.Debug|Any CPU.Build.0 = Debug|Any CPU
		{A1B22F65-786D-4391-B050-0B2C4FA6FCA1}.Release|Any CPU.ActiveCfg = Release|Any CPU
		{A1B22F65-786D-4391-B050-0B2C4FA6FCA1}.Release|Any CPU.Build.0 = Release|Any CPU
	EndGlobalSection
	GlobalSection(SolutionProperties) = preSolution
		HideSolutionNode = FALSE
	EndGlobalSection
	GlobalSection(ExtensibilityGlobals) = postSolution
		SolutionGuid = {D51BC26B-1614-4E4D-B679-444D94A53F0C}
	EndGlobalSection
EndGlobal
